{
  "version": 4,
  "terraform_version": "1.16.0",
  "serial": 32,
  "lineage": "b228309e-082a-706d-193f-d9b1d78b474c",
  "outputs": {
    "counting_asg_name": {
      "value": "counting-asg",
      "type": "string"
    },
    "dashboard_asg_name": {
      "value": "dashboard-asg",
      "type": "string"
    },
    "vpc_id": {
      "value": "vpc-0f573d890f62aa95c",
      "type": "string"
    }
  },
  "resources": [
    {
      "mode": "managed",
      "type": "aws_internet_gateway",
      "name": "igw",
      "provider": "provider[\"registry.terraform.io/hashicorp/aws\"]",
      "instances": [
        {
          "schema_version": 0,
          "attributes": {
            "arn": "arn:aws:ec2:us-east-1:672718425217:internet-gateway/igw-08711cab28e1f413e",
            "id": "igw-08711cab28e1f413e",
            "owner_id": "672718425217",
            "region": "us-east-1",
            "tags": {
              "Name": "dashboard-counting-igw"
            },
            "tags_all": {
              "Name": "dashboard-counting-igw"
            },
            "timeouts": null,
            "vpc_id": "vpc-0f573d890f62aa95c"
          },
          "sensitive_attributes": [],
          "identity_schema_version": 0,
          "identity": {
            "account_id": "672718425217",
            "id": "igw-08711cab28e1f413e",
            "region": "us-east-1"
          },
          "private": "eyJlMmJmYjczMC1lY2FhLTExZTYtOGY4OC0zNDM2M2JjN2M0YzAiOnsiY3JlYXRlIjoxMjAwMDAwMDAwMDAwLCJkZWxldGUiOjEyMDAwMDAwMDAwMDAsInVwZGF0ZSI6MTIwMDAwMDAwMDAwMH19",
          "dependencies": [
            "aws_vpc.main"
          ]
        }
      ]
    },
    {
      "mode": "managed",
      "type": "aws_launch_template",
      "name": "counting",
      "provider": "provider[\"registry.terraform.io/hashicorp/aws\"]",
      "instances": [
        {
          "schema_version": 1,
          "attributes": {
            "arn": "arn:aws:ec2:us-east-1:672718425217:launch-template/lt-0bcea63475c071570",
            "block_device_mappings": [],
            "capacity_reservation_specification": [],
            "cpu_options": [],
            "credit_specification": [],
            "default_version": 1,
            "description": "",
            "disable_api_stop": false,
            "disable_api_termination": false,
            "ebs_optimized": "",
            "enclave_options": [],
            "hibernation_options": [],
            "iam_instance_profile": [],
            "id": "lt-0bcea63475c071570",
            "image_id": "ami-05338c962939ac643",
            "instance_initiated_shutdown_behavior": "",
            "instance_market_options": [],
            "instance_requirements": [],
            "instance_type": "t2.micro",
            "kernel_id": "",
            "key_name": "hsu-master",
            "latest_version": 1,
            "license_specification": [],
            "maintenance_options": [],
            "metadata_options": [],
            "monitoring": [],
            "name": "counting-lt-e4f906f5094f1da881cae01af7",
            "name_prefix": "counting-lt-",
            "network_interfaces": [],
            "network_performance_options": [],
            "placement": [],
            "private_dns_name_options": [],
            "ram_disk_id": "",
            "region": "us-east-1",
            "secondary_interfaces": [],
            "security_group_names": [],
            "tag_specifications": [
              {
                "resource_type": "instance",
                "tags": {
                  "App": "counting",
                  "Name": "counting-asg-instance"
                }
              }
            ],
            "tags": {},
            "tags_all": {},
            "update_default_version": null,
            "user_data": "",
            "vpc_security_group_ids": [
              "sg-067108f872a348204"
            ]
          },
          "sensitive_attributes": [],
          "identity_schema_version": 0,
          "identity": {
            "account_id": "672718425217",
            "id": "lt-0bcea63475c071570",
            "region": "us-east-1"
          },
          "private": "eyJzY2hlbWFfdmVyc2lvbiI6IjEifQ==",
          "dependencies": [
            "aws_security_group.counting",
            "aws_vpc.main"
          ]
        }
      ]
    },
    {
      "mode": "managed",
      "type": "aws_lb_target_group",
      "name": "counting",
      "provider": "provider[\"registry.terraform.io/hashicorp/aws\"]",
      "instances": [
        {
          "schema_version": 0,
          "attributes": {
            "arn": "arn:aws:elasticloadbalancing:us-east-1:672718425217:targetgroup/counting-tg/fe8823ae9699ca3e",
            "arn_suffix": "targetgroup/counting-tg/fe8823ae9699ca3e",
            "connection_termination": null,
            "deregistration_delay": "300",
            "health_check": [
              {
                "enabled": true,
                "healthy_threshold": 2,
                "interval": 30,
                "matcher": "200",
                "path": "/",
                "port": "traffic-port",
                "protocol": "HTTP",
                "timeout": 5,
                "unhealthy_threshold": 2
              }
            ],
            "id": "arn:aws:elasticloadbalancing:us-east-1:672718425217:targetgroup/counting-tg/fe8823ae9699ca3e",
            "ip_address_type": "ipv4",
            "lambda_multi_value_headers_enabled": false,
            "load_balancer_arns": [],
            "load_balancing_algorithm_type": "round_robin",
            "load_balancing_anomaly_mitigation": "off",
            "load_balancing_cross_zone_enabled": "use_load_balancer_configuration",
            "name": "counting-tg",
            "name_prefix": "",
            "port": 9002,
            "preserve_client_ip": null,
            "protocol": "HTTP",
            "protocol_version": "HTTP1",
            "proxy_protocol_v2": false,
            "region": "us-east-1",
            "slow_start": 0,
            "stickiness": [
              {
                "cookie_duration": 86400,
                "cookie_name": "",
                "enabled": false,
                "type": "lb_cookie"
              }
            ],
            "tags": {
              "Name": "counting-tg"
            },
            "tags_all": {
              "Name": "counting-tg"
            },
            "target_control_port": 0,
            "target_failover": [
              {
                "on_deregistration": null,
                "on_unhealthy": null
              }
            ],
            "target_group_health": [
              {
                "dns_failover": [
                  {
                    "minimum_healthy_targets_count": "1",
                    "minimum_healthy_targets_percentage": "off"
                  }
                ],
                "unhealthy_state_routing": [
                  {
                    "minimum_healthy_targets_count": 1,
                    "minimum_healthy_targets_percentage": "off"
                  }
                ]
              }
            ],
            "target_health_state": [
              {
                "enable_unhealthy_connection_termination": null,
                "unhealthy_draining_interval": null
              }
            ],
            "target_type": "instance",
            "vpc_id": "vpc-0f573d890f62aa95c"
          },
          "sensitive_attributes": [],
          "identity_schema_version": 0,
          "identity": {
            "arn": "arn:aws:elasticloadbalancing:us-east-1:672718425217:targetgroup/counting-tg/fe8823ae9699ca3e"
          },
          "private": "bnVsbA==",
          "dependencies": [
            "aws_vpc.main"
          ]
        }
      ]
    },
    {
      "mode": "managed",
      "type": "aws_lb_target_group",
      "name": "dashboard",
      "provider": "provider[\"registry.terraform.io/hashicorp/aws\"]",
      "instances": [
        {
          "schema_version": 0,
          "attributes": {
            "arn": "arn:aws:elasticloadbalancing:us-east-1:672718425217:targetgroup/dashboard-tg/fb769148849bd832",
            "arn_suffix": "targetgroup/dashboard-tg/fb769148849bd832",
            "connection_termination": null,
            "deregistration_delay": "300",
            "health_check": [
              {
                "enabled": true,
                "healthy_threshold": 2,
                "interval": 30,
                "matcher": "200",
                "path": "/",
                "port": "traffic-port",
                "protocol": "HTTP",
                "timeout": 5,
                "unhealthy_threshold": 2
              }
            ],
            "id": "arn:aws:elasticloadbalancing:us-east-1:672718425217:targetgroup/dashboard-tg/fb769148849bd832",
            "ip_address_type": "ipv4",
            "lambda_multi_value_headers_enabled": false,
            "load_balancer_arns": [],
            "load_balancing_algorithm_type": "round_robin",
            "load_balancing_anomaly_mitigation": "off",
            "load_balancing_cross_zone_enabled": "use_load_balancer_configuration",
            "name": "dashboard-tg",
            "name_prefix": "",
            "port": 9001,
            "preserve_client_ip": null,
            "protocol": "HTTP",
            "protocol_version": "HTTP1",
            "proxy_protocol_v2": false,
            "region": "us-east-1",
            "slow_start": 0,
            "stickiness": [
              {
                "cookie_duration": 86400,
                "cookie_name": "",
                "enabled": false,
                "type": "lb_cookie"
              }
            ],
            "tags": {
              "Name": "dashboard-tg"
            },
            "tags_all": {
              "Name": "dashboard-tg"
            },
            "target_control_port": 0,
            "target_failover": [
              {
                "on_deregistration": null,
                "on_unhealthy": null
              }
            ],
            "target_group_health": [
              {
                "dns_failover": [
                  {
                    "minimum_healthy_targets_count": "1",
                    "minimum_healthy_targets_percentage": "off"
                  }
                ],
                "unhealthy_state_routing": [
                  {
                    "minimum_healthy_targets_count": 1,
                    "minimum_healthy_targets_percentage": "off"
                  }
                ]
              }
            ],
            "target_health_state": [
              {
                "enable_unhealthy_connection_termination": null,
                "unhealthy_draining_interval": null
              }
            ],
            "target_type": "instance",
            "vpc_id": "vpc-0f573d890f62aa95c"
          },
          "sensitive_attributes": [],
          "identity_schema_version": 0,
          "identity": {
            "arn": "arn:aws:elasticloadbalancing:us-east-1:672718425217:targetgroup/dashboard-tg/fb769148849bd832"
          },
          "private": "bnVsbA==",
          "dependencies": [
            "aws_vpc.main"
          ]
        }
      ]
    },
    {
      "mode": "managed",
      "type": "aws_route_table",
      "name": "private",
      "provider": "provider[\"registry.terraform.io/hashicorp/aws\"]",
      "instances": [
        {
          "schema_version": 0,
          "attributes": {
            "arn": "arn:aws:ec2:us-east-1:672718425217:route-table/rtb-00c8888a82e5ed81e",
            "id": "rtb-00c8888a82e5ed81e",
            "owner_id": "672718425217",
            "propagating_vgws": [],
            "region": "us-east-1",
            "route": [],
            "tags": {
              "Name": "-private-route-table"
            },
            "tags_all": {
              "Name": "-private-route-table"
            },
            "timeouts": null,
            "vpc_id": "vpc-0f573d890f62aa95c"
          },
          "sensitive_attributes": [],
          "identity_schema_version": 0,
          "identity": {
            "account_id": "672718425217",
            "id": "rtb-00c8888a82e5ed81e",
            "region": "us-east-1"
          },
          "private": "eyJlMmJmYjczMC1lY2FhLTExZTYtOGY4OC0zNDM2M2JjN2M0YzAiOnsiY3JlYXRlIjozMDAwMDAwMDAwMDAsImRlbGV0ZSI6MzAwMDAwMDAwMDAwLCJ1cGRhdGUiOjEyMDAwMDAwMDAwMH19",
          "dependencies": [
            "aws_vpc.main"
          ]
        }
      ]
    },
    {
      "mode": "managed",
      "type": "aws_route_table",
      "name": "public",
      "provider": "provider[\"registry.terraform.io/hashicorp/aws\"]",
      "instances": [
        {
          "schema_version": 0,
          "attributes": {
            "arn": "arn:aws:ec2:us-east-1:672718425217:route-table/rtb-0b3c0cdbf6077ba60",
            "id": "rtb-0b3c0cdbf6077ba60",
            "owner_id": "672718425217",
            "propagating_vgws": [],
            "region": "us-east-1",
            "route": [
              {
                "carrier_gateway_id": "",
                "cidr_block": "0.0.0.0/0",
                "core_network_arn": "",
                "destination_prefix_list_id": "",
                "egress_only_gateway_id": "",
                "gateway_id": "igw-08711cab28e1f413e",
                "ipv6_cidr_block": "",
                "local_gateway_id": "",
                "nat_gateway_id": "",
                "network_interface_id": "",
                "odb_network_arn": "",
                "transit_gateway_id": "",
                "vpc_endpoint_id": "",
                "vpc_peering_connection_id": ""
              }
            ],
            "tags": {
              "Name": "dashboard-public-route-table"
            },
            "tags_all": {
              "Name": "dashboard-public-route-table"
            },
            "timeouts": null,
            "vpc_id": "vpc-0f573d890f62aa95c"
          },
          "sensitive_attributes": [],
          "identity_schema_version": 0,
          "identity": {
            "account_id": "672718425217",
            "id": "rtb-0b3c0cdbf6077ba60",
            "region": "us-east-1"
          },
          "private": "eyJlMmJmYjczMC1lY2FhLTExZTYtOGY4OC0zNDM2M2JjN2M0YzAiOnsiY3JlYXRlIjozMDAwMDAwMDAwMDAsImRlbGV0ZSI6MzAwMDAwMDAwMDAwLCJ1cGRhdGUiOjEyMDAwMDAwMDAwMH19",
          "dependencies": [
            "aws_internet_gateway.igw",
            "aws_vpc.main"
          ]
        }
      ]
    },
    {
      "mode": "managed",
      "type": "aws_security_group",
      "name": "counting",
      "provider": "provider[\"registry.terraform.io/hashicorp/aws\"]",
      "instances": [
        {
          "schema_version": 1,
          "attributes": {
            "arn": "arn:aws:ec2:us-east-1:672718425217:security-group/sg-067108f872a348204",
            "description": "Security group for Counting EC2",
            "egress": [],
            "id": "sg-067108f872a348204",
            "ingress": [
              {
                "cidr_blocks": [],
                "description": "",
                "from_port": 9002,
                "ipv6_cidr_blocks": [],
                "prefix_list_ids": [],
                "protocol": "tcp",
                "security_groups": [
                  "sg-08f5b36367f4aa83c"
                ],
                "self": false,
                "to_port": 9002
              }
            ],
            "name": "counting-sg",
            "name_prefix": "",
            "owner_id": "672718425217",
            "region": "us-east-1",
            "revoke_rules_on_delete": false,
            "tags": {
              "Name": "counting-sg"
            },
            "tags_all": {
              "Name": "counting-sg"
            },
            "timeouts": null,
            "vpc_id": "vpc-0f573d890f62aa95c"
          },
          "sensitive_attributes": [],
          "identity_schema_version": 0,
          "identity": {
            "account_id": "672718425217",
            "id": "sg-067108f872a348204",
            "region": "us-east-1"
          },
          "private": "eyJlMmJmYjczMC1lY2FhLTExZTYtOGY4OC0zNDM2M2JjN2M0YzAiOnsiY3JlYXRlIjo2MDAwMDAwMDAwMDAsImRlbGV0ZSI6OTAwMDAwMDAwMDAwfSwic2NoZW1hX3ZlcnNpb24iOiIxIn0=",
          "dependencies": [
            "aws_vpc.main"
          ]
        }
      ]
    },
    {
      "mode": "managed",
      "type": "aws_security_group",
      "name": "counting_alb",
      "provider": "provider[\"registry.terraform.io/hashicorp/aws\"]",
      "instances": [
        {
          "schema_version": 1,
          "attributes": {
            "arn": "arn:aws:ec2:us-east-1:672718425217:security-group/sg-08f5b36367f4aa83c",
            "description": "Security group for Counting ALB",
            "egress": [
              {
                "cidr_blocks": [],
                "description": "",
                "from_port": 9002,
                "ipv6_cidr_blocks": [],
                "prefix_list_ids": [],
                "protocol": "tcp",
                "security_groups": [
                  "sg-067108f872a348204"
                ],
                "self": false,
                "to_port": 9002
              }
            ],
            "id": "sg-08f5b36367f4aa83c",
            "ingress": [
              {
                "cidr_blocks": [],
                "description": "",
                "from_port": 80,
                "ipv6_cidr_blocks": [],
                "prefix_list_ids": [],
                "protocol": "tcp",
                "security_groups": [],
                "self": true,
                "to_port": 80
              }
            ],
            "name": "counting-alb-sg",
            "name_prefix": "",
            "owner_id": "672718425217",
            "region": "us-east-1",
            "revoke_rules_on_delete": false,
            "tags": {
              "Name": "counting-alb-sg"
            },
            "tags_all": {
              "Name": "counting-alb-sg"
            },
            "timeouts": null,
            "vpc_id": "vpc-0f573d890f62aa95c"
          },
          "sensitive_attributes": [],
          "identity_schema_version": 0,
          "identity": {
            "account_id": "672718425217",
            "id": "sg-08f5b36367f4aa83c",
            "region": "us-east-1"
          },
          "private": "eyJlMmJmYjczMC1lY2FhLTExZTYtOGY4OC0zNDM2M2JjN2M0YzAiOnsiY3JlYXRlIjo2MDAwMDAwMDAwMDAsImRlbGV0ZSI6OTAwMDAwMDAwMDAwfSwic2NoZW1hX3ZlcnNpb24iOiIxIn0=",
          "dependencies": [
            "aws_vpc.main"
          ]
        }
      ]
    },
    {
      "mode": "managed",
      "type": "aws_security_group",
      "name": "dashboard",
      "provider": "provider[\"registry.terraform.io/hashicorp/aws\"]",
      "instances": [
        {
          "schema_version": 1,
          "attributes": {
            "arn": "arn:aws:ec2:us-east-1:672718425217:security-group/sg-0e4d4343454ac7c2f",
            "description": "Security group for Dashboard EC2",
            "egress": [
              {
                "cidr_blocks": [],
                "description": "",
                "from_port": 80,
                "ipv6_cidr_blocks": [],
                "prefix_list_ids": [],
                "protocol": "tcp",
                "security_groups": [
                  "sg-08f5b36367f4aa83c"
                ],
                "self": false,
                "to_port": 80
              }
            ],
            "id": "sg-0e4d4343454ac7c2f",
            "ingress": [
              {
                "cidr_blocks": [],
                "description": "",
                "from_port": 9001,
                "ipv6_cidr_blocks": [],
                "prefix_list_ids": [],
                "protocol": "tcp",
                "security_groups": [
                  "sg-0bb6b6fd8911cad29"
                ],
                "self": false,
                "to_port": 9001
              }
            ],
            "name": "dashboard-sg",
            "name_prefix": "",
            "owner_id": "672718425217",
            "region": "us-east-1",
            "revoke_rules_on_delete": false,
            "tags": {
              "Name": "dashboard-sg"
            },
            "tags_all": {
              "Name": "dashboard-sg"
            },
            "timeouts": null,
            "vpc_id": "vpc-0f573d890f62aa95c"
          },
          "sensitive_attributes": [],
          "identity_schema_version": 0,
          "identity": {
            "account_id": "672718425217",
            "id": "sg-0e4d4343454ac7c2f",
            "region": "us-east-1"
          },
          "private": "eyJlMmJmYjczMC1lY2FhLTExZTYtOGY4OC0zNDM2M2JjN2M0YzAiOnsiY3JlYXRlIjo2MDAwMDAwMDAwMDAsImRlbGV0ZSI6OTAwMDAwMDAwMDAwfSwic2NoZW1hX3ZlcnNpb24iOiIxIn0=",
          "dependencies": [
            "aws_vpc.main"
          ]
        }
      ]
    },
    {
      "mode": "managed",
      "type": "aws_security_group",
      "name": "dashboard_alb",
      "provider": "provider[\"registry.terraform.io/hashicorp/aws\"]",
      "instances": [
        {
          "schema_version": 1,
          "attributes": {
            "arn": "arn:aws:ec2:us-east-1:672718425217:security-group/sg-0bb6b6fd8911cad29",
            "description": "Security group for Dashboard public ALB",
            "egress": [
              {
                "cidr_blocks": [],
                "description": "",
                "from_port": 9001,
                "ipv6_cidr_blocks": [],
                "prefix_list_ids": [],
                "protocol": "tcp",
                "security_groups": [
                  "sg-0e4d4343454ac7c2f"
                ],
                "self": false,
                "to_port": 9001
              }
            ],
            "id": "sg-0bb6b6fd8911cad29",
            "ingress": [
              {
                "cidr_blocks": [
                  "0.0.0.0/0"
                ],
                "description": "",
                "from_port": 80,
                "ipv6_cidr_blocks": [],
                "prefix_list_ids": [],
                "protocol": "tcp",
                "security_groups": [],
                "self": false,
                "to_port": 80
              }
            ],
            "name": "dashboard-alb-sg",
            "name_prefix": "",
            "owner_id": "672718425217",
            "region": "us-east-1",
            "revoke_rules_on_delete": false,
            "tags": {
              "Name": "dashboard-alb-sg"
            },
            "tags_all": {
              "Name": "dashboard-alb-sg"
            },
            "timeouts": null,
            "vpc_id": "vpc-0f573d890f62aa95c"
          },
          "sensitive_attributes": [],
          "identity_schema_version": 0,
          "identity": {
            "account_id": "672718425217",
            "id": "sg-0bb6b6fd8911cad29",
            "region": "us-east-1"
          },
          "private": "eyJlMmJmYjczMC1lY2FhLTExZTYtOGY4OC0zNDM2M2JjN2M0YzAiOnsiY3JlYXRlIjo2MDAwMDAwMDAwMDAsImRlbGV0ZSI6OTAwMDAwMDAwMDAwfSwic2NoZW1hX3ZlcnNpb24iOiIxIn0=",
          "dependencies": [
            "aws_vpc.main"
          ]
        }
      ]
    },
    {
      "mode": "managed",
      "type": "aws_vpc",
      "name": "main",
      "provider": "provider[\"registry.terraform.io/hashicorp/aws\"]",
      "instances": [
        {
          "schema_version": 1,
          "attributes": {
            "arn": "arn:aws:ec2:us-east-1:672718425217:vpc/vpc-0f573d890f62aa95c",
            "assign_generated_ipv6_cidr_block": false,
            "cidr_block": "10.0.0.0/16",
            "default_network_acl_id": "acl-09209c1594296a351",
            "default_route_table_id": "rtb-09be7dc77c425f819",
            "default_security_group_id": "sg-0f0c16dbe7eb67750",
            "dhcp_options_id": "dopt-0216b6a7c2d86262a",
            "enable_dns_hostnames": true,
            "enable_dns_support": true,
            "enable_network_address_usage_metrics": false,
            "id": "vpc-0f573d890f62aa95c",
            "instance_tenancy": "default",
            "ipv4_ipam_pool_id": null,
            "ipv4_netmask_length": null,
            "ipv6_association_id": "",
            "ipv6_cidr_block": "",
            "ipv6_cidr_block_network_border_group": "",
            "ipv6_ipam_pool_id": "",
            "ipv6_netmask_length": 0,
            "main_route_table_id": "rtb-09be7dc77c425f819",
            "owner_id": "672718425217",
            "region": "us-east-1",
            "tags": {
              "Name": "dashboard-counting-vpc"
            },
            "tags_all": {
              "Name": "dashboard-counting-vpc"
            }
          },
          "sensitive_attributes": [],
          "identity_schema_version": 0,
          "identity": {
            "account_id": "672718425217",
            "id": "vpc-0f573d890f62aa95c",
            "region": "us-east-1"
          },
          "private": "eyJzY2hlbWFfdmVyc2lvbiI6IjEifQ=="
        }
      ]
    },
    {
      "mode": "managed",
      "type": "aws_vpc_security_group_egress_rule",
      "name": "counting_alb_to_counting",
      "provider": "provider[\"registry.terraform.io/hashicorp/aws\"]",
      "instances": [
        {
          "schema_version": 0,
          "attributes": {
            "arn": "arn:aws:ec2:us-east-1:672718425217:security-group-rule/sgr-020d05fac1cd51bc3",
            "cidr_ipv4": null,
            "cidr_ipv6": null,
            "description": null,
            "from_port": 9002,
            "id": "sgr-020d05fac1cd51bc3",
            "ip_protocol": "tcp",
            "prefix_list_id": null,
            "referenced_security_group_id": "sg-067108f872a348204",
            "region": "us-east-1",
            "security_group_id": "sg-08f5b36367f4aa83c",
            "security_group_rule_id": "sgr-020d05fac1cd51bc3",
            "tags": null,
            "tags_all": {},
            "to_port": 9002
          },
          "sensitive_attributes": [],
          "identity_schema_version": 0,
          "identity": {
            "account_id": "672718425217",
            "id": "sgr-020d05fac1cd51bc3",
            "region": "us-east-1"
          },
          "dependencies": [
            "aws_security_group.counting",
            "aws_security_group.counting_alb",
            "aws_vpc.main"
          ]
        }
      ]
    },
    {
      "mode": "managed",
      "type": "aws_vpc_security_group_egress_rule",
      "name": "dashboard_alb_to_dashboard",
      "provider": "provider[\"registry.terraform.io/hashicorp/aws\"]",
      "instances": [
        {
          "schema_version": 0,
          "attributes": {
            "arn": "arn:aws:ec2:us-east-1:672718425217:security-group-rule/sgr-0dedddfcd145bc049",
            "cidr_ipv4": null,
            "cidr_ipv6": null,
            "description": null,
            "from_port": 9001,
            "id": "sgr-0dedddfcd145bc049",
            "ip_protocol": "tcp",
            "prefix_list_id": null,
            "referenced_security_group_id": "sg-0e4d4343454ac7c2f",
            "region": "us-east-1",
            "security_group_id": "sg-0bb6b6fd8911cad29",
            "security_group_rule_id": "sgr-0dedddfcd145bc049",
            "tags": null,
            "tags_all": {},
            "to_port": 9001
          },
          "sensitive_attributes": [],
          "identity_schema_version": 0,
          "identity": {
            "account_id": "672718425217",
            "id": "sgr-0dedddfcd145bc049",
            "region": "us-east-1"
          },
          "dependencies": [
            "aws_security_group.dashboard",
            "aws_security_group.dashboard_alb",
            "aws_vpc.main"
          ]
        }
      ]
    },
    {
      "mode": "managed",
      "type": "aws_vpc_security_group_egress_rule",
      "name": "dashboard_to_counting_alb",
      "provider": "provider[\"registry.terraform.io/hashicorp/aws\"]",
      "instances": [
        {
          "schema_version": 0,
          "attributes": {
            "arn": "arn:aws:ec2:us-east-1:672718425217:security-group-rule/sgr-0d5a099e15ed95500",
            "cidr_ipv4": null,
            "cidr_ipv6": null,
            "description": null,
            "from_port": 80,
            "id": "sgr-0d5a099e15ed95500",
            "ip_protocol": "tcp",
            "prefix_list_id": null,
            "referenced_security_group_id": "sg-08f5b36367f4aa83c",
            "region": "us-east-1",
            "security_group_id": "sg-0e4d4343454ac7c2f",
            "security_group_rule_id": "sgr-0d5a099e15ed95500",
            "tags": null,
            "tags_all": {},
            "to_port": 80
          },
          "sensitive_attributes": [],
          "identity_schema_version": 0,
          "identity": {
            "account_id": "672718425217",
            "id": "sgr-0d5a099e15ed95500",
            "region": "us-east-1"
          },
          "dependencies": [
            "aws_security_group.counting_alb",
            "aws_security_group.dashboard",
            "aws_vpc.main"
          ]
        }
      ]
    },
    {
      "mode": "managed",
      "type": "aws_vpc_security_group_ingress_rule",
      "name": "counting_alb_from_dashboard",
      "provider": "provider[\"registry.terraform.io/hashicorp/aws\"]",
      "instances": [
        {
          "schema_version": 0,
          "attributes": {
            "arn": "arn:aws:ec2:us-east-1:672718425217:security-group-rule/sgr-0976c561ea601dfc9",
            "cidr_ipv4": null,
            "cidr_ipv6": null,
            "description": null,
            "from_port": 80,
            "id": "sgr-0976c561ea601dfc9",
            "ip_protocol": "tcp",
            "prefix_list_id": null,
            "referenced_security_group_id": "sg-08f5b36367f4aa83c",
            "region": "us-east-1",
            "security_group_id": "sg-08f5b36367f4aa83c",
            "security_group_rule_id": "sgr-0976c561ea601dfc9",
            "tags": null,
            "tags_all": {},
            "to_port": 80
          },
          "sensitive_attributes": [],
          "identity_schema_version": 0,
          "identity": {
            "account_id": "672718425217",
            "id": "sgr-0976c561ea601dfc9",
            "region": "us-east-1"
          },
          "dependencies": [
            "aws_security_group.counting_alb",
            "aws_vpc.main"
          ]
        }
      ]
    },
    {
      "mode": "managed",
      "type": "aws_vpc_security_group_ingress_rule",
      "name": "counting_from_counting_alb",
      "provider": "provider[\"registry.terraform.io/hashicorp/aws\"]",
      "instances": [
        {
          "schema_version": 0,
          "attributes": {
            "arn": "arn:aws:ec2:us-east-1:672718425217:security-group-rule/sgr-012a2eab318f1e1b9",
            "cidr_ipv4": null,
            "cidr_ipv6": null,
            "description": null,
            "from_port": 9002,
            "id": "sgr-012a2eab318f1e1b9",
            "ip_protocol": "tcp",
            "prefix_list_id": null,
            "referenced_security_group_id": "sg-08f5b36367f4aa83c",
            "region": "us-east-1",
            "security_group_id": "sg-067108f872a348204",
            "security_group_rule_id": "sgr-012a2eab318f1e1b9",
            "tags": null,
            "tags_all": {},
            "to_port": 9002
          },
          "sensitive_attributes": [],
          "identity_schema_version": 0,
          "identity": {
            "account_id": "672718425217",
            "id": "sgr-012a2eab318f1e1b9",
            "region": "us-east-1"
          },
          "dependencies": [
            "aws_security_group.counting",
            "aws_security_group.counting_alb",
            "aws_vpc.main"
          ]
        }
      ]
    },
    {
      "mode": "managed",
      "type": "aws_vpc_security_group_ingress_rule",
      "name": "dashboard_alb_http",
      "provider": "provider[\"registry.terraform.io/hashicorp/aws\"]",
      "instances": [
        {
          "schema_version": 0,
          "attributes": {
            "arn": "arn:aws:ec2:us-east-1:672718425217:security-group-rule/sgr-0d6a48117de6ab2a7",
            "cidr_ipv4": "0.0.0.0/0",
            "cidr_ipv6": null,
            "description": null,
            "from_port": 80,
            "id": "sgr-0d6a48117de6ab2a7",
            "ip_protocol": "tcp",
            "prefix_list_id": null,
            "referenced_security_group_id": null,
            "region": "us-east-1",
            "security_group_id": "sg-0bb6b6fd8911cad29",
            "security_group_rule_id": "sgr-0d6a48117de6ab2a7",
            "tags": null,
            "tags_all": {},
            "to_port": 80
          },
          "sensitive_attributes": [],
          "identity_schema_version": 0,
          "identity": {
            "account_id": "672718425217",
            "id": "sgr-0d6a48117de6ab2a7",
            "region": "us-east-1"
          },
          "dependencies": [
            "aws_security_group.dashboard_alb",
            "aws_vpc.main"
          ]
        }
      ]
    },
    {
      "mode": "managed",
      "type": "aws_vpc_security_group_ingress_rule",
      "name": "dashboard_from_dashboard_alb",
      "provider": "provider[\"registry.terraform.io/hashicorp/aws\"]",
      "instances": [
        {
          "schema_version": 0,
          "attributes": {
            "arn": "arn:aws:ec2:us-east-1:672718425217:security-group-rule/sgr-0eb33c2f225e9cde3",
            "cidr_ipv4": null,
            "cidr_ipv6": null,
            "description": null,
            "from_port": 9001,
            "id": "sgr-0eb33c2f225e9cde3",
            "ip_protocol": "tcp",
            "prefix_list_id": null,
            "referenced_security_group_id": "sg-0bb6b6fd8911cad29",
            "region": "us-east-1",
            "security_group_id": "sg-0e4d4343454ac7c2f",
            "security_group_rule_id": "sgr-0eb33c2f225e9cde3",
            "tags": null,
            "tags_all": {},
            "to_port": 9001
          },
          "sensitive_attributes": [],
          "identity_schema_version": 0,
          "identity": {
            "account_id": "672718425217",
            "id": "sgr-0eb33c2f225e9cde3",
            "region": "us-east-1"
          },
          "dependencies": [
            "aws_security_group.dashboard",
            "aws_security_group.dashboard_alb",
            "aws_vpc.main"
          ]
        }
      ]
    }
  ],
  "check_results": null
}
